version = 1
revision = 2
requires-python = "==3.9.*"

[manifest]
members = [
    "quantos-engine-sdk",
    "quantos-engines-workspace",
    "quantos-llmquant",
    "quantos-mock-engine",
    "quantos-openbb-adapter",
    "quantos-rd-agent",
    "quantos-strategy-lab",
    "quantos-trading-agents",
    "quantos-vibe-adapter",
]

[[package]]
name = "colorama"
version = "0.4.6"
source = { registry = "https://pypi.org/simple" }
sdist = { url = "https://files.pythonhosted.org/packages/d8/53/6f443c9a4a8358a93a6792e2acffb9d9d5cb0a5cfd8802644b7b1c9a02e4/colorama-0.4.6.tar.gz", hash = "sha256:08695f5cb7ed6e0531a20572697297273c47b8cae5a63ffc6d6ed5c201be6e44", size = 27697, upload-time = "2022-10-25T02:36:22.414Z" }
wheels = [
    { url = "https://files.pythonhosted.org/packages/d1/d6/3965ed04c63042e047cb6a3e6ed1a63a35087b6a609aa3a15ed8ac56c221/colorama-0.4.6-py2.py3-none-any.whl", hash = "sha256:4f1d9991f5acc0ca119f9d443620b77f9d6b33703e51011c16baf57afb285fc6", size = 25335, upload-time = "2022-10-25T02:36:20.889Z" },
]

[[package]]
name = "coverage"
version = "7.10.7"
source = { registry = "https://pypi.org/simple" }
sdist = { url = "https://files.pythonhosted.org/packages/51/26/d22c300112504f5f9a9fd2297ce33c35f3d353e4aeb987c8419453b2a7c2/coverage-7.10.7.tar.gz", hash = "sha256:f4ab143ab113be368a3e9b795f9cd7906c5ef407d6173fe9675a902e1fffc239", size = 827704, upload-time = "2025-09-21T20:03:56.815Z" }
wheels = [
    { url = "https://files.pythonhosted.org/packages/a3/ad/d1c25053764b4c42eb294aae92ab617d2e4f803397f9c7c8295caa77a260/coverage-7.10.7-cp39-cp39-macosx_10_9_x86_64.whl", hash = "sha256:fff7b9c3f19957020cac546c70025331113d2e61537f6e2441bc7657913de7d3", size = 217978, upload-time = "2025-09-21T20:03:30.362Z" },
    { url = "https://files.pythonhosted.org/packages/52/2f/b9f9daa39b80ece0b9548bbb723381e29bc664822d9a12c2135f8922c22b/coverage-7.10.7-cp39-cp39-macosx_11_0_arm64.whl", hash = "sha256:bc91b314cef27742da486d6839b677b3f2793dfe52b51bbbb7cf736d5c29281c", size = 218370, upload-time = "2025-09-21T20:03:32.147Z" },
    { url = "https://files.pythonhosted.org/packages/dd/6e/30d006c3b469e58449650642383dddf1c8fb63d44fdf92994bfd46570695/coverage-7.10.7-cp39-cp39-manylinux1_i686.manylinux_2_28_i686.manylinux_2_5_i686.whl", hash = "sha256:567f5c155eda8df1d3d439d40a45a6a5f029b429b06648235f1e7e51b522b396", size = 244802, upload-time = "2025-09-21T20:03:33.919Z" },
    { url = "https://files.pythonhosted.org/packages/b0/49/8a070782ce7e6b94ff6a0b6d7c65ba6bc3091d92a92cef4cd4eb0767965c/coverage-7.10.7-cp39-cp39-manylinux1_x86_64.manylinux_2_28_x86_64.manylinux_2_5_x86_64.whl", hash = "sha256:2af88deffcc8a4d5974cf2d502251bc3b2db8461f0b66d80a449c33757aa9f40", size = 246625, upload-time = "2025-09-21T20:03:36.09Z" },
    { url = "https://files.pythonhosted.org/packages/6a/92/1c1c5a9e8677ce56d42b97bdaca337b2d4d9ebe703d8c174ede52dbabd5f/coverage-7.10.7-cp39-cp39-manylinux2014_aarch64.manylinux_2_17_aarch64.manylinux_2_28_aarch64.whl", hash = "sha256:c7315339eae3b24c2d2fa1ed7d7a38654cba34a13ef19fbcb9425da46d3dc594", size = 248399, upload-time = "2025-09-21T20:03:38.342Z" },
    { url = "https://files.pythonhosted.org/packages/c0/54/b140edee7257e815de7426d5d9846b58505dffc29795fff2dfb7f8a1c5a0/coverage-7.10.7-cp39-cp39-manylinux_2_31_riscv64.manylinux_2_39_riscv64.whl", hash = "sha256:912e6ebc7a6e4adfdbb1aec371ad04c68854cd3bf3608b3514e7ff9062931d8a", size = 245142, upload-time = "2025-09-21T20:03:40.591Z" },
    { url = "https://files.pythonhosted.org/packages/e4/9e/6d6b8295940b118e8b7083b29226c71f6154f7ff41e9ca431f03de2eac0d/coverage-7.10.7-cp39-cp39-musllinux_1_2_aarch64.whl", hash = "sha256:f49a05acd3dfe1ce9715b657e28d138578bc40126760efb962322c56e9ca344b", size = 246284, upload-time = "2025-09-21T20:03:42.355Z" },
    { url = "https://files.pythonhosted.org/packages/db/e5/5e957ca747d43dbe4d9714358375c7546cb3cb533007b6813fc20fce37ad/coverage-7.10.7-cp39-cp39-musllinux_1_2_i686.whl", hash = "sha256:cce2109b6219f22ece99db7644b9622f54a4e915dad65660ec435e89a3ea7cc3", size = 244353, upload-time = "2025-09-21T20:03:44.218Z" },
    { url = "https://files.pythonhosted.org/packages/9a/45/540fc5cc92536a1b783b7ef99450bd55a4b3af234aae35a18a339973ce30/coverage-7.10.7-cp39-cp39-musllinux_1_2_riscv64.whl", hash = "sha256:f3c887f96407cea3916294046fc7dab611c2552beadbed4ea901cbc6a40cc7a0", size = 244430, upload-time = "2025-09-21T20:03:46.065Z" },
    { url = "https://files.pythonhosted.org/packages/75/0b/8287b2e5b38c8fe15d7e3398849bb58d382aedc0864ea0fa1820e8630491/coverage-7.10.7-cp39-cp39-musllinux_1_2_x86_64.whl", hash = "sha256:635adb9a4507c9fd2ed65f39693fa31c9a3ee3a8e6dc64df033e8fdf52a7003f", size = 245311, upload-time = "2025-09-21T20:03:48.19Z" },
    { url = "https://files.pythonhosted.org/packages/0c/1d/29724999984740f0c86d03e6420b942439bf5bd7f54d4382cae386a9d1e9/coverage-7.10.7-cp39-cp39-win32.whl", hash = "sha256:5a02d5a850e2979b0a014c412573953995174743a3f7fa4ea5a6e9a3c5617431", size = 220500, upload-time = "2025-09-21T20:03:50.024Z" },
    { url = "https://files.pythonhosted.org/packages/43/11/4b1e6b129943f905ca54c339f343877b55b365ae2558806c1be4f7476ed5/coverage-7.10.7-cp39-cp39-win_amd64.whl", hash = "sha256:c134869d5ffe34547d14e174c866fd8fe2254918cc0a95e99052903bc1543e07", size = 221408, upload-time = "2025-09-21T20:03:51.803Z" },
    { url = "https://files.pythonhosted.org/packages/ec/16/114df1c291c22cac3b0c127a73e0af5c12ed7bbb6558d310429a0ae24023/coverage-7.10.7-py3-none-any.whl", hash = "sha256:f7941f6f2fe6dd6807a1208737b8a0cbcf1cc6d7b07d24998ad2d63590868260", size = 209952, upload-time = "2025-09-21T20:03:53.918Z" },
]

[package.optional-dependencies]
toml = [
    { name = "tomli" },
]

[[package]]
name = "exceptiongroup"
version = "1.3.1"
source = { registry = "https://pypi.org/simple" }
dependencies = [
    { name = "typing-extensions" },
]
sdist = { url = "https://files.pythonhosted.org/packages/50/79/66800aadf48771f6b62f7eb014e352e5d06856655206165d775e675a02c9/exceptiongroup-1.3.1.tar.gz", hash = "sha256:8b412432c6055b0b7d14c310000ae93352ed6754f70fa8f7c34141f91c4e3219", size = 30371, upload-time = "2025-11-21T23:01:54.787Z" }
wheels = [
    { url = "https://files.pythonhosted.org/packages/8a/0e/97c33bf5009bdbac74fd2beace167cab3f978feb69cc36f1ef79360d6c4e/exceptiongroup-1.3.1-py3-none-any.whl", hash = "sha256:a7a39a3bd276781e98394987d3a5701d0c4edffb633bb7a5144577f82c773598", size = 16740, upload-time = "2025-11-21T23:01:53.443Z" },
]

[[package]]
name = "grpcio"
version = "1.74.0"
source = { registry = "https://pypi.org/simple" }
sdist = { url = "https://files.pythonhosted.org/packages/38/b4/35feb8f7cab7239c5b94bd2db71abb3d6adb5f335ad8f131abb6060840b6/grpcio-1.74.0.tar.gz", hash = "sha256:80d1f4fbb35b0742d3e3d3bb654b7381cd5f015f8497279a1e9c21ba623e01b1", size = 12756048, upload-time = "2025-07-24T18:54:23.039Z" }
wheels = [
    { url = "https://files.pythonhosted.org/packages/0d/de/dd7db504703c3b669f1b83265e2fbb5d79c8d3da86ea52cbd9202b9a8b05/grpcio-1.74.0-cp39-cp39-linux_armv7l.whl", hash = "sha256:4bc5fca10aaf74779081e16c2bcc3d5ec643ffd528d9e7b1c9039000ead73bae", size = 5480998, upload-time = "2025-07-24T18:54:01.868Z" },
    { url = "https://files.pythonhosted.org/packages/1c/57/6537ace3af4c97f2b013ceff1f2e789c52b8448334ca3a0c36e7421cf6ed/grpcio-1.74.0-cp39-cp39-macosx_11_0_universal2.whl", hash = "sha256:6bab67d15ad617aff094c382c882e0177637da73cbc5532d52c07b4ee887a87b", size = 10990945, upload-time = "2025-07-24T18:54:03.854Z" },
    { url = "https://files.pythonhosted.org/packages/d8/f2/579410017de16cd27f35326df6fecde81bff6e9b43c871d28263fa8a77a4/grpcio-1.74.0-cp39-cp39-manylinux_2_17_aarch64.whl", hash = "sha256:655726919b75ab3c34cdad39da5c530ac6fa32696fb23119e36b64adcfca174a", size = 5983968, upload-time = "2025-07-24T18:54:06.434Z" },
    { url = "https://files.pythonhosted.org/packages/a0/6a/0f3571003663d991f4ea953b82dc518fed094c182decc48c9b0242bec7e3/grpcio-1.74.0-cp39-cp39-manylinux_2_17_i686.manylinux2014_i686.whl", hash = "sha256:1a2b06afe2e50ebfd46247ac3ba60cac523f54ec7792ae9ba6073c12daf26f0a", size = 6654768, upload-time = "2025-07-24T18:54:08.632Z" },
    { url = "https://files.pythonhosted.org/packages/24/e3/1d42cb00e0390bacab3c9ee79e37416140d907c8c7c7a92654c535805963/grpcio-1.74.0-cp39-cp39-manylinux_2_17_x86_64.manylinux2014_x86_64.whl", hash = "sha256:5f251c355167b2360537cf17bea2cf0197995e551ab9da6a0a59b3da5e8704f9", size = 6215627, upload-time = "2025-07-24T18:54:10.584Z" },
    { url = "https://files.pythonhosted.org/packages/77/84/4f8312bc4430eda1cdbc4e8689f54daa807b5d304d4ea53e9d27c448889b/grpcio-1.74.0-cp39-cp39-musllinux_1_1_aarch64.whl", hash = "sha256:8f7b5882fb50632ab1e48cb3122d6df55b9afabc265582808036b6e51b9fd6b7", size = 6330938, upload-time = "2025-07-24T18:54:12.557Z" },
    { url = "https://files.pythonhosted.org/packages/2f/c0/422d2b40110716a4775212256a56ac71586be2403a7b7055818bfd0fc203/grpcio-1.74.0-cp39-cp39-musllinux_1_1_i686.whl", hash = "sha256:834988b6c34515545b3edd13e902c1acdd9f2465d386ea5143fb558f153a7176", size = 7019216, upload-time = "2025-07-24T18:54:14.475Z" },
    { url = "https://files.pythonhosted.org/packages/6f/84/668ab6df27fb35886dfa1242f2d302d0cd319c72e3dd3845a322ecabf61b/grpcio-1.74.0-cp39-cp39-musllinux_1_1_x86_64.whl", hash = "sha256:22b834cef33429ca6cc28303c9c327ba9a3fafecbf62fae17e9a7b7163cc43ac", size = 6510719, upload-time = "2025-07-24T18:54:16.775Z" },
    { url = "https://files.pythonhosted.org/packages/ed/6a/981150f20dd435b9c46cd504038b4fbae2171b43fe70019914d80159e156/grpcio-1.74.0-cp39-cp39-win32.whl", hash = "sha256:7d95d71ff35291bab3f1c52f52f474c632db26ea12700c2ff0ea0532cb0b5854", size = 3819185, upload-time = "2025-07-24T18:54:18.673Z" },
    { url = "https://files.pythonhosted.org/packages/75/5f/d64b9745bb9def186e1be11b42d4d310570799d6170ac75829ef1c67c176/grpcio-1.74.0-cp39-cp39-win_amd64.whl", hash = "sha256:ecde9ab49f58433abe02f9ed076c7b5be839cf0153883a6d23995937a82392fa", size = 4495789, upload-time = "2025-07-24T18:54:20.582Z" },
]

[[package]]
name = "hatchling"
version = "1.27.0"
source = { registry = "https://pypi.org/simple" }
dependencies = [
    { name = "packaging" },
    { name = "pathspec" },
    { name = "pluggy" },
    { name = "tomli" },
    { name = "trove-classifiers" },
]
sdist = { url = "https://files.pythonhosted.org/packages/8f/8a/cc1debe3514da292094f1c3a700e4ca25442489731ef7c0814358816bb03/hatchling-1.27.0.tar.gz", hash = "sha256:971c296d9819abb3811112fc52c7a9751c8d381898f36533bb16f9791e941fd6", size = 54983, upload-time = "2024-12-15T17:08:11.894Z" }
wheels = [
    { url = "https://files.pythonhosted.org/packages/08/e7/ae38d7a6dfba0533684e0b2136817d667588ae3ec984c1a4e5df5eb88482/hatchling-1.27.0-py3-none-any.whl", hash = "sha256:d3a2f3567c4f926ea39849cdf924c7e99e6686c9c8e288ae1037c8fa2a5d937b", size = 75794, upload-time = "2024-12-15T17:08:10.364Z" },
]

[[package]]
name = "iniconfig"
version = "2.1.0"
source = { registry = "https://pypi.org/simple" }
sdist = { url = "https://files.pythonhosted.org/packages/f2/97/ebf4da567aa6827c909642694d71c9fcf53e5b504f2d96afea02718862f3/iniconfig-2.1.0.tar.gz", hash = "sha256:3abbd2e30b36733fee78f9c7f7308f2d0050e88f0087fd25c2645f63c773e1c7", size = 4793, upload-time = "2025-03-19T20:09:59.721Z" }
wheels = [
    { url = "https://files.pythonhosted.org/packages/2c/e1/e6716421ea10d38022b952c159d5161ca1193197fb744506875fbb87ea7b/iniconfig-2.1.0-py3-none-any.whl", hash = "sha256:9deba5723312380e77435581c6bf4935c94cbfab9b1ed33ef8d238ea168eb760", size = 6050, upload-time = "2025-03-19T20:10:01.071Z" },
]

[[package]]
name = "nodeenv"
version = "1.10.0"
source = { registry = "https://pypi.org/simple" }
sdist = { url = "https://files.pythonhosted.org/packages/24/bf/d1bda4f6168e0b2e9e5958945e01910052158313224ada5ce1fb2e1113b8/nodeenv-1.10.0.tar.gz", hash = "sha256:996c191ad80897d076bdfba80a41994c2b47c68e224c542b48feba42ba00f8bb", size = 55611, upload-time = "2025-12-20T14:08:54.006Z" }
wheels = [
    { url = "https://files.pythonhosted.org/packages/88/b2/d0896bdcdc8d28a7fc5717c305f1a861c26e18c05047949fb371034d98bd/nodeenv-1.10.0-py2.py3-none-any.whl", hash = "sha256:5bb13e3eed2923615535339b3c620e76779af4cb4c6a90deccc9e36b274d3827", size = 23438, upload-time = "2025-12-20T14:08:52.782Z" },
]

[[package]]
name = "packaging"
version = "26.2"
source = { registry = "https://pypi.org/simple" }
sdist = { url = "https://files.pythonhosted.org/packages/d7/f1/e7a6dd94a8d4a5626c03e4e99c87f241ba9e350cd9e6d75123f992427270/packaging-26.2.tar.gz", hash = "sha256:ff452ff5a3e828ce110190feff1178bb1f2ea2281fa2075aadb987c2fb221661", size = 228134, upload-time = "2026-04-24T20:15:23.917Z" }
wheels = [
    { url = "https://files.pythonhosted.org/packages/df/b2/87e62e8c3e2f4b32e5fe99e0b86d576da1312593b39f47d8ceef365e95ed/packaging-26.2-py3-none-any.whl", hash = "sha256:5fc45236b9446107ff2415ce77c807cee2862cb6fac22b8a73826d0693b0980e", size = 100195, upload-time = "2026-04-24T20:15:22.081Z" },
]

[[package]]
name = "pathspec"
version = "1.1.1"
source = { registry = "https://pypi.org/simple" }
sdist = { url = "https://files.pythonhosted.org/packages/5a/82/42f767fc1c1143d6fd36efb827202a2d997a375e160a71eb2888a925aac1/pathspec-1.1.1.tar.gz", hash = "sha256:17db5ecd524104a120e173814c90367a96a98d07c45b2e10c2f3919fff91bf5a", size = 135180, upload-time = "2026-04-27T01:46:08.907Z" }
wheels = [
    { url = "https://files.pythonhosted.org/packages/f1/d9/7fb5aa316bc299258e68c73ba3bddbc499654a07f151cba08f6153988714/pathspec-1.1.1-py3-none-any.whl", hash = "sha256:a00ce642f577bf7f473932318056212bc4f8bfdf53128c78bbd5af0b9b20b189", size = 57328, upload-time = "2026-04-27T01:46:07.06Z" },
]

[[package]]
name = "pluggy"
version = "1.6.0"
source = { registry = "https://pypi.org/simple" }
sdist = { url = "https://files.pythonhosted.org/packages/f9/e2/3e91f31a7d2b083fe6ef3fa267035b518369d9511ffab804f839851d2779/pluggy-1.6.0.tar.gz", hash = "sha256:7dcc130b76258d33b90f61b658791dede3486c3e6bfb003ee5c9bfb396dd22f3", size = 69412, upload-time = "2025-05-15T12:30:07.975Z" }
wheels = [
    { url = "https://files.pythonhosted.org/packages/54/20/4d324d65cc6d9205fabedc306948156824eb9f0ee1633355a8f7ec5c66bf/pluggy-1.6.0-py3-none-any.whl", hash = "sha256:e920276dd6813095e9377c0bc5566d94c932c33b27a3e3945d8389c374dd4746", size = 20538, upload-time = "2025-05-15T12:30:06.134Z" },
]

[[package]]
name = "protobuf"
version = "5.29.6"
source = { registry = "https://pypi.org/simple" }
sdist = { url = "https://files.pythonhosted.org/packages/7e/57/394a763c103e0edf87f0938dafcd918d53b4c011dfc5c8ae80f3b0452dbb/protobuf-5.29.6.tar.gz", hash = "sha256:da9ee6a5424b6b30fd5e45c5ea663aef540ca95f9ad99d1e887e819cdf9b8723", size = 425623, upload-time = "2026-02-04T22:54:40.584Z" }
wheels = [
    { url = "https://files.pythonhosted.org/packages/d4/88/9ee58ff7863c479d6f8346686d4636dd4c415b0cbeed7a6a7d0617639c2a/protobuf-5.29.6-cp310-abi3-win32.whl", hash = "sha256:62e8a3114992c7c647bce37dcc93647575fc52d50e48de30c6fcb28a6a291eb1", size = 423357, upload-time = "2026-02-04T22:54:25.805Z" },
    { url = "https://files.pythonhosted.org/packages/1c/66/2dc736a4d576847134fb6d80bd995c569b13cdc7b815d669050bf0ce2d2c/protobuf-5.29.6-cp310-abi3-win_amd64.whl", hash = "sha256:7e6ad413275be172f67fdee0f43484b6de5a904cc1c3ea9804cb6fe2ff366eda", size = 435175, upload-time = "2026-02-04T22:54:28.592Z" },
    { url = "https://files.pythonhosted.org/packages/06/db/49b05966fd208ae3f44dcd33837b6243b4915c57561d730a43f881f24dea/protobuf-5.29.6-cp38-abi3-macosx_10_9_universal2.whl", hash = "sha256:b5a169e664b4057183a34bdc424540e86eea47560f3c123a0d64de4e137f9269", size = 418619, upload-time = "2026-02-04T22:54:30.266Z" },
    { url = "https://files.pythonhosted.org/packages/b7/d7/48cbf6b0c3c39761e47a99cb483405f0fde2be22cf00d71ef316ce52b458/protobuf-5.29.6-cp38-abi3-manylinux2014_aarch64.whl", hash = "sha256:a8866b2cff111f0f863c1b3b9e7572dc7eaea23a7fae27f6fc613304046483e6", size = 320284, upload-time = "2026-02-04T22:54:31.782Z" },
    { url = "https://files.pythonhosted.org/packages/e3/dd/cadd6ec43069247d91f6345fa7a0d2858bef6af366dbd7ba8f05d2c77d3b/protobuf-5.29.6-cp38-abi3-manylinux2014_x86_64.whl", hash = "sha256:e3387f44798ac1106af0233c04fb8abf543772ff241169946f698b3a9a3d3ab9", size = 320478, upload-time = "2026-02-04T22:54:32.909Z" },
    { url = "https://files.pythonhosted.org/packages/30/a4/ff263f5687815e1a10a9243a3a6463af42ca251224bf4b8fc4c93b9f5b80/protobuf-5.29.6-cp39-cp39-win32.whl", hash = "sha256:cb4c86de9cd8a7f3a256b9744220d87b847371c6b2f10bde87768918ef33ba49", size = 423352, upload-time = "2026-02-04T22:54:37.375Z" },
    { url = "https://files.pythonhosted.org/packages/5c/64/e943206d3b5069050d570a2c53a90631240d99adcc9a91c6ff7b41876f4d/protobuf-5.29.6-cp39-cp39-win_amd64.whl", hash = "sha256:76e07e6567f8baf827137e8d5b8204b6c7b6488bbbff1bf0a72b383f77999c18", size = 435222, upload-time = "2026-02-04T22:54:38.418Z" },
    { url = "https://files.pythonhosted.org/packages/5a/cb/e3065b447186cb70aa65acc70c86baf482d82bf75625bf5a2c4f6919c6a3/protobuf-5.29.6-py3-none-any.whl", hash = "sha256:6b9edb641441b2da9fa8f428760fc136a49cf97a52076010cf22a2ff73438a86", size = 173126, upload-time = "2026-02-04T22:54:39.462Z" },
]

[[package]]
name = "pygments"
version = "2.20.0"
source = { registry = "https://pypi.org/simple" }
sdist = { url = "https://files.pythonhosted.org/packages/c3/b2/bc9c9196916376152d655522fdcebac55e66de6603a76a02bca1b6414f6c/pygments-2.20.0.tar.gz", hash = "sha256:6757cd03768053ff99f3039c1a36d6c0aa0b263438fcab17520b30a303a82b5f", size = 4955991, upload-time = "2026-03-29T13:29:33.898Z" }
wheels = [
    { url = "https://files.pythonhosted.org/packages/f4/7e/a72dd26f3b0f4f2bf1dd8923c85f7ceb43172af56d63c7383eb62b332364/pygments-2.20.0-py3-none-any.whl", hash = "sha256:81a9e26dd42fd28a23a2d169d86d7ac03b46e2f8b59ed4698fb4785f946d0176", size = 1231151, upload-time = "2026-03-29T13:29:30.038Z" },
]

[[package]]
name = "pyright"
version = "1.1.403"
source = { registry = "https://pypi.org/simple" }
dependencies = [
    { name = "nodeenv" },
    { name = "typing-extensions" },
]
sdist = { url = "https://files.pythonhosted.org/packages/fe/f6/35f885264ff08c960b23d1542038d8da86971c5d8c955cfab195a4f672d7/pyright-1.1.403.tar.gz", hash = "sha256:3ab69b9f41c67fb5bbb4d7a36243256f0d549ed3608678d381d5f51863921104", size = 3913526, upload-time = "2025-07-09T07:15:52.882Z" }
wheels = [
    { url = "https://files.pythonhosted.org/packages/49/b6/b04e5c2f41a5ccad74a1a4759da41adb20b4bc9d59a5e08d29ba60084d07/pyright-1.1.403-py3-none-any.whl", hash = "sha256:c0eeca5aa76cbef3fcc271259bbd785753c7ad7bcac99a9162b4c4c7daed23b3", size = 5684504, upload-time = "2025-07-09T07:15:50.958Z" },
]

[[package]]
name = "pytest"
version = "8.4.1"
source = { registry = "https://pypi.org/simple" }
dependencies = [
    { name = "colorama", marker = "sys_platform == 'win32'" },
    { name = "exceptiongroup" },
    { name = "iniconfig" },
    { name = "packaging" },
    { name = "pluggy" },
    { name = "pygments" },
    { name = "tomli" },
]
sdist = { url = "https://files.pythonhosted.org/packages/08/ba/45911d754e8eba3d5a841a5ce61a65a685ff1798421ac054f85aa8747dfb/pytest-8.4.1.tar.gz", hash = "sha256:7c67fd69174877359ed9371ec3af8a3d2b04741818c51e5e99cc1742251fa93c", size = 1517714, upload-time = "2025-06-18T05:48:06.109Z" }
wheels = [
    { url = "https://files.pythonhosted.org/packages/29/16/c8a903f4c4dffe7a12843191437d7cd8e32751d5de349d45d3fe69544e87/pytest-8.4.1-py3-none-any.whl", hash = "sha256:539c70ba6fcead8e78eebbf1115e8b589e7565830d7d006a8723f19ac8a0afb7", size = 365474, upload-time = "2025-06-18T05:48:03.955Z" },
]

[[package]]
name = "pytest-cov"
version = "6.2.1"
source = { registry = "https://pypi.org/simple" }
dependencies = [
    { name = "coverage", extra = ["toml"] },
    { name = "pluggy" },
    { name = "pytest" },
]
sdist = { url = "https://files.pythonhosted.org/packages/18/99/668cade231f434aaa59bbfbf49469068d2ddd945000621d3d165d2e7dd7b/pytest_cov-6.2.1.tar.gz", hash = "sha256:25cc6cc0a5358204b8108ecedc51a9b57b34cc6b8c967cc2c01a4e00d8a67da2", size = 69432, upload-time = "2025-06-12T10:47:47.684Z" }
wheels = [
    { url = "https://files.pythonhosted.org/packages/bc/16/4ea354101abb1287856baa4af2732be351c7bee728065aed451b678153fd/pytest_cov-6.2.1-py3-none-any.whl", hash = "sha256:f5bc4c23f42f1cdd23c70b1dab1bbaef4fc505ba950d53e0081d0730dd7e86d5", size = 24644, upload-time = "2025-06-12T10:47:45.932Z" },
]

[[package]]
name = "quantos-engine-sdk"
version = "0.1.0"
source = { editable = "engine-sdk" }
dependencies = [
    { name = "grpcio" },
    { name = "protobuf" },
]

[package.metadata]
requires-dist = [
    { name = "grpcio", specifier = "==1.74.0" },
    { name = "protobuf", specifier = "==5.29.6" },
]

[[package]]
name = "quantos-engines-workspace"
version = "0.1.0"
source = { virtual = "." }

[package.dev-dependencies]
build = [
    { name = "hatchling" },
    { name = "tomli" },
]
dev = [
    { name = "pyright" },
    { name = "pytest" },
    { name = "pytest-cov" },
    { name = "ruff" },
]

[package.metadata]

[package.metadata.requires-dev]
build = [
    { name = "hatchling", specifier = "==1.27.0" },
    { name = "tomli", specifier = "==2.2.1" },
]
dev = [
    { name = "pyright", specifier = "==1.1.403" },
    { name = "pytest", specifier = "==8.4.1" },
    { name = "pytest-cov", specifier = "==6.2.1" },
    { name = "ruff", specifier = "==0.12.7" },
]

[[package]]
name = "quantos-llmquant"
version = "0.1.0"
source = { editable = "llmquant" }
dependencies = [
    { name = "quantos-engine-sdk" },
]

[package.metadata]
requires-dist = [{ name = "quantos-engine-sdk", editable = "engine-sdk" }]

[[package]]
name = "quantos-mock-engine"
version = "0.1.0"
source = { editable = "mock-engine" }
dependencies = [
    { name = "quantos-engine-sdk" },
]

[package.metadata]
requires-dist = [{ name = "quantos-engine-sdk", editable = "engine-sdk" }]

[[package]]
name = "quantos-openbb-adapter"
version = "0.1.0"
source = { editable = "openbb-adapter" }
dependencies = [
    { name = "quantos-engine-sdk" },
]

[package.metadata]
requires-dist = [{ name = "quantos-engine-sdk", editable = "engine-sdk" }]

[[package]]
name = "quantos-rd-agent"
version = "0.1.0"
source = { editable = "rd-agent" }
dependencies = [
    { name = "quantos-engine-sdk" },
]

[package.metadata]
requires-dist = [{ name = "quantos-engine-sdk", editable = "engine-sdk" }]

[[package]]
name = "quantos-strategy-lab"
version = "0.1.0"
source = { editable = "strategy-lab" }
dependencies = [
    { name = "quantos-engine-sdk" },
]

[package.metadata]
requires-dist = [{ name = "quantos-engine-sdk", editable = "engine-sdk" }]

[[package]]
name = "quantos-trading-agents"
version = "0.1.0"
source = { editable = "trading-agents" }
dependencies = [
    { name = "quantos-engine-sdk" },
]

[package.metadata]
requires-dist = [{ name = "quantos-engine-sdk", editable = "engine-sdk" }]

[[package]]
name = "quantos-vibe-adapter"
version = "0.1.0"
source = { editable = "vibe-adapter" }
dependencies = [
    { name = "quantos-engine-sdk" },
]

[package.metadata]
requires-dist = [{ name = "quantos-engine-sdk", editable = "engine-sdk" }]

[[package]]
name = "ruff"
version = "0.12.7"
source = { registry = "https://pypi.org/simple" }
sdist = { url = "https://files.pythonhosted.org/packages/a1/81/0bd3594fa0f690466e41bd033bdcdf86cba8288345ac77ad4afbe5ec743a/ruff-0.12.7.tar.gz", hash = "sha256:1fc3193f238bc2d7968772c82831a4ff69252f673be371fb49663f0068b7ec71", size = 5197814, upload-time = "2025-07-29T22:32:35.877Z" }
wheels = [
    { url = "https://files.pythonhosted.org/packages/e1/d2/6cb35e9c85e7a91e8d22ab32ae07ac39cc34a71f1009a6f9e4a2a019e602/ruff-0.12.7-py3-none-linux_armv6l.whl", hash = "sha256:76e4f31529899b8c434c3c1dede98c4483b89590e15fb49f2d46183801565303", size = 11852189, upload-time = "2025-07-29T22:31:41.281Z" },
    { url = "https://files.pythonhosted.org/packages/63/5b/a4136b9921aa84638f1a6be7fb086f8cad0fde538ba76bda3682f2599a2f/ruff-0.12.7-py3-none-macosx_10_12_x86_64.whl", hash = "sha256:789b7a03e72507c54fb3ba6209e4bb36517b90f1a3569ea17084e3fd295500fb", size = 12519389, upload-time = "2025-07-29T22:31:54.265Z" },
    { url = "https://files.pythonhosted.org/packages/a8/c9/3e24a8472484269b6b1821794141f879c54645a111ded4b6f58f9ab0705f/ruff-0.12.7-py3-none-macosx_11_0_arm64.whl", hash = "sha256:2e1c2a3b8626339bb6369116e7030a4cf194ea48f49b64bb505732a7fce4f4e3", size = 11743384, upload-time = "2025-07-29T22:31:59.575Z" },
    { url = "https://files.pythonhosted.org/packages/26/7c/458dd25deeb3452c43eaee853c0b17a1e84169f8021a26d500ead77964fd/ruff-0.12.7-py3-none-manylinux_2_17_aarch64.manylinux2014_aarch64.whl", hash = "sha256:32dec41817623d388e645612ec70d5757a6d9c035f3744a52c7b195a57e03860", size = 11943759, upload-time = "2025-07-29T22:32:01.95Z" },
    { url = "https://files.pythonhosted.org/packages/7f/8b/658798472ef260ca050e400ab96ef7e85c366c39cf3dfbef4d0a46a528b6/ruff-0.12.7-py3-none-manylinux_2_17_armv7l.manylinux2014_armv7l.whl", hash = "sha256:47ef751f722053a5df5fa48d412dbb54d41ab9b17875c6840a58ec63ff0c247c", size = 11654028, upload-time = "2025-07-29T22:32:04.367Z" },
    { url = "https://files.pythonhosted.org/packages/a8/86/9c2336f13b2a3326d06d39178fd3448dcc7025f82514d1b15816fe42bfe8/ruff-0.12.7-py3-none-manylinux_2_17_i686.manylinux2014_i686.whl", hash = "sha256:a828a5fc25a3efd3e1ff7b241fd392686c9386f20e5ac90aa9234a5faa12c423", size = 13225209, upload-time = "2025-07-29T22:32:06.952Z" },
    { url = "https://files.pythonhosted.org/packages/76/69/df73f65f53d6c463b19b6b312fd2391dc36425d926ec237a7ed028a90fc1/ruff-0.12.7-py3-none-manylinux_2_17_ppc64.manylinux2014_ppc64.whl", hash = "sha256:5726f59b171111fa6a69d82aef48f00b56598b03a22f0f4170664ff4d8298efb", size = 14182353, upload-time = "2025-07-29T22:32:10.053Z" },
    { url = "https://files.pythonhosted.org/packages/58/1e/de6cda406d99fea84b66811c189b5ea139814b98125b052424b55d28a41c/ruff-0.12.7-py3-none-manylinux_2_17_ppc64le.manylinux2014_ppc64le.whl", hash = "sha256:74e6f5c04c4dd4aba223f4fe6e7104f79e0eebf7d307e4f9b18c18362124bccd", size = 13631555, upload-time = "2025-07-29T22:32:12.644Z" },
    { url = "https://files.pythonhosted.org/packages/6f/ae/625d46d5164a6cc9261945a5e89df24457dc8262539ace3ac36c40f0b51e/ruff-0.12.7-py3-none-manylinux_2_17_s390x.manylinux2014_s390x.whl", hash = "sha256:5d0bfe4e77fba61bf2ccadf8cf005d6133e3ce08793bbe870dd1c734f2699a3e", size = 12667556, upload-time = "2025-07-29T22:32:15.312Z" },
    { url = "https://files.pythonhosted.org/packages/55/bf/9cb1ea5e3066779e42ade8d0cd3d3b0582a5720a814ae1586f85014656b6/ruff-0.12.7-py3-none-manylinux_2_17_x86_64.manylinux2014_x86_64.whl", hash = "sha256:06bfb01e1623bf7f59ea749a841da56f8f653d641bfd046edee32ede7ff6c606", size = 12939784, upload-time = "2025-07-29T22:32:17.69Z" },
    { url = "https://files.pythonhosted.org/packages/55/7f/7ead2663be5627c04be83754c4f3096603bf5e99ed856c7cd29618c691bd/ruff-0.12.7-py3-none-musllinux_1_2_aarch64.whl", hash = "sha256:e41df94a957d50083fd09b916d6e89e497246698c3f3d5c681c8b3e7b9bb4ac8", size = 11771356, upload-time = "2025-07-29T22:32:20.134Z" },
    { url = "https://files.pythonhosted.org/packages/17/40/a95352ea16edf78cd3a938085dccc55df692a4d8ba1b3af7accbe2c806b0/ruff-0.12.7-py3-none-musllinux_1_2_armv7l.whl", hash = "sha256:4000623300563c709458d0ce170c3d0d788c23a058912f28bbadc6f905d67afa", size = 11612124, upload-time = "2025-07-29T22:32:22.645Z" },
    { url = "https://files.pythonhosted.org/packages/4d/74/633b04871c669e23b8917877e812376827c06df866e1677f15abfadc95cb/ruff-0.12.7-py3-none-musllinux_1_2_i686.whl", hash = "sha256:69ffe0e5f9b2cf2b8e289a3f8945b402a1b19eff24ec389f45f23c42a3dd6fb5", size = 12479945, upload-time = "2025-07-29T22:32:24.765Z" },
    { url = "https://files.pythonhosted.org/packages/be/34/c3ef2d7799c9778b835a76189c6f53c179d3bdebc8c65288c29032e03613/ruff-0.12.7-py3-none-musllinux_1_2_x86_64.whl", hash = "sha256:a07a5c8ffa2611a52732bdc67bf88e243abd84fe2d7f6daef3826b59abbfeda4", size = 12998677, upload-time = "2025-07-29T22:32:27.022Z" },
    { url = "https://files.pythonhosted.org/packages/77/ab/aca2e756ad7b09b3d662a41773f3edcbd262872a4fc81f920dc1ffa44541/ruff-0.12.7-py3-none-win32.whl", hash = "sha256:c928f1b2ec59fb77dfdf70e0419408898b63998789cc98197e15f560b9e77f77", size = 11756687, upload-time = "2025-07-29T22:32:29.381Z" },
    { url = "https://files.pythonhosted.org/packages/b4/71/26d45a5042bc71db22ddd8252ca9d01e9ca454f230e2996bb04f16d72799/ruff-0.12.7-py3-none-win_amd64.whl", hash = "sha256:9c18f3d707ee9edf89da76131956aba1270c6348bfee8f6c647de841eac7194f", size = 12912365, upload-time = "2025-07-29T22:32:31.517Z" },
    { url = "https://files.pythonhosted.org/packages/4c/9b/0b8aa09817b63e78d94b4977f18b1fcaead3165a5ee49251c5d5c245bb2d/ruff-0.12.7-py3-none-win_arm64.whl", hash = "sha256:dfce05101dbd11833a0776716d5d1578641b7fddb537fe7fa956ab85d1769b69", size = 11982083, upload-time = "2025-07-29T22:32:33.881Z" },
]

[[package]]
name = "tomli"
version = "2.2.1"
source = { registry = "https://pypi.org/simple" }
sdist = { url = "https://files.pythonhosted.org/packages/18/87/302344fed471e44a87289cf4967697d07e532f2421fdaf868a303cbae4ff/tomli-2.2.1.tar.gz", hash = "sha256:cd45e1dc79c835ce60f7404ec8119f2eb06d38b1deba146f07ced3bbc44505ff", size = 17175, upload-time = "2024-11-27T22:38:36.873Z" }
wheels = [
    { url = "https://files.pythonhosted.org/packages/6e/c2/61d3e0f47e2b74ef40a68b9e6ad5984f6241a942f7cd3bbfbdbd03861ea9/tomli-2.2.1-py3-none-any.whl", hash = "sha256:cb55c73c5f4408779d0cf3eef9f762b9c9f147a77de7b258bef0a5628adc85cc", size = 14257, upload-time = "2024-11-27T22:38:35.385Z" },
]

[[package]]
name = "trove-classifiers"
version = "2026.6.1.19"
source = { registry = "https://pypi.org/simple" }
sdist = { url = "https://files.pythonhosted.org/packages/c2/e3/7ca82ee24c82d344584abd5b8637b3bd056f2900226e8d82fc22f1184b92/trove_classifiers-2026.6.1.19.tar.gz", hash = "sha256:c5132b4b61a829d11cfbd2d72e97f20a45ed6edb95e45c5efdeb5e00836b2745", size = 17059, upload-time = "2026-06-01T19:41:34.649Z" }
wheels = [
    { url = "https://files.pythonhosted.org/packages/7c/a4/81502f486f01db95bc8320646a8a12511f5e556cb63d5e224d91816605c4/trove_classifiers-2026.6.1.19-py3-none-any.whl", hash = "sha256:ab4c4ec93cc4a4e7815fa759906e05e6bb3f2fbd92ea0f897288c6a43efd15b3", size = 14211, upload-time = "2026-06-01T19:41:33.434Z" },
]

[[package]]
name = "typing-extensions"
version = "4.16.0"
source = { registry = "https://pypi.org/simple" }
sdist = { url = "https://files.pythonhosted.org/packages/f6/cc/6253133b5bb138fc3306cebfbda2c520f545d36b5be2c7255cc528bb45d6/typing_extensions-4.16.0.tar.gz", hash = "sha256:dc983d19a509c94dba722ee6abd33940f7c05a89e243c47e907eb4db6f1a43e5", size = 113555, upload-time = "2026-07-02T08:40:05.92Z" }
wheels = [
    { url = "https://files.pythonhosted.org/packages/49/d3/b8441a820a491ddfc024b0b0cf0393375b75ea13866d9c66727e54c2fc80/typing_extensions-4.16.0-py3-none-any.whl", hash = "sha256:481caa481374e813c1b176ada14e97f1f67a4539ce9cfeb3f350d78d6370c2e8", size = 45571, upload-time = "2026-07-02T08:40:04.659Z" },
]
